
Microsoft Visual Studio Solution File, Format Version 12.00
# Visual Studio Version 16
VisualStudioVersion = 16.0.30717.126
MinimumVisualStudioVersion = 10.0.40219.1
Project("{FAE04EC0-301F-11D3-BF4B-00C04F79EFBC}") = "AutoserviceMLDS", "AutoserviceMLDS\AutoserviceMLDS.csproj", "{051A2714-0F67-4E04-B5A3-00101F3B0957}"
EndProject
Global
	GlobalSection(SolutionConfigurationPlatforms) = preSolution
		Debug|Any CPU = Debug|Any CPU
		Release|Any CPU = Release|Any CPU
	EndGlobalSection
	GlobalSection(ProjectConfigurationPlatforms) = postSolution
		{051A2714-0F67-4E04-B5A3-00101F3B0957}.Debug|Any CPU.ActiveCfg = Debug|Any CPU
		{051A2714-0F67-4E04-B5A3-00101F3B0957}.Debug|Any CPU.Build.0 = Debug|Any CPU
		{051A2714-0F67-4E04-B5A3-00101F3B0957}.Release|Any CPU.ActiveCfg = Release|Any CPU
		{051A2714-0F67-4E04-B5A3-00101F3B0957}.Release|Any CPU.Build.0 = Release|Any CPU
	EndGlobalSection
	GlobalSection(SolutionProperties) = preSolution
		HideSolutionNode = FALSE
	EndGlobalSection
	GlobalSection(ExtensibilityGlobals) = postSolution
		SolutionGuid = {367046E7-0E89-4BE1-AC76-28354ECC61FA}
	EndGlobalSection
EndGlobal
